
Microsoft Visual Studio Solution File, Format Version 12.00
# Visual Studio 15
VisualStudioVersion = 15.0.27004.2009
MinimumVisualStudioVersion = 10.0.40219.1
Project("{FAE04EC0-301F-11D3-BF4B-00C04F79EFBC}") = "times", "ConsoleApp1\times.csproj", "{9711E943-80CF-4BBB-9570-60B6D40B30AC}"
EndProject
Project("{FAE04EC0-301F-11D3-BF4B-00C04F79EFBC}") = "sortPhonebook", "sortPhonebook\sortPhonebook.csproj", "{358221CE-A11F-41B0-B52B-AA6C37367361}"
EndProject
Project("{FAE04EC0-301F-11D3-BF4B-00C04F79EFBC}") = "theFirstTree", "theFirstTree\theFirstTree.csproj", "{D07C8E19-D6EA-41E1-A6EB-EF4351BE77D2}"
EndProject
Project("{FAE04EC0-301F-11D3-BF4B-00C04F79EFBC}") = "sortBriefWords", "sortBriefWords\sortBriefWords.csproj", "{5B65FFDC-A804-42C5-A324-1D4C3E97B09D}"
EndProject
Project("{FAE04EC0-301F-11D3-BF4B-00C04F79EFBC}") = "sortTime", "sortTime\sortTime.csproj", "{53C38E0C-D9D7-46D2-9FF8-39B726BEC494}"
EndProject
Project("{FAE04EC0-301F-11D3-BF4B-00C04F79EFBC}") = "nechetenFiltyr", "nechetenFiltyr\nechetenFiltyr.csproj", "{E0C2DF01-0037-49CD-A92F-04379836656B}"
EndProject
Project("{FAE04EC0-301F-11D3-BF4B-00C04F79EFBC}") = "imunSystem", "imunSystem\imunSystem.csproj", "{858669C2-E1DC-4E5B-BAF1-74FB9895B7AC}"
EndProject
Project("{FAE04EC0-301F-11D3-BF4B-00C04F79EFBC}") = "email", "email\email.csproj", "{DA5DA09E-749A-4016-934B-B7B282D58803}"
EndProject
Project("{FAE04EC0-301F-11D3-BF4B-00C04F79EFBC}") = "karti", "karti\karti.csproj", "{DFBC2E8A-FF86-4F7B-8C12-C1DB5A917A90}"
EndProject
Project("{FAE04EC0-301F-11D3-BF4B-00C04F79EFBC}") = "population", "population\population.csproj", "{58DCC880-54CF-4909-8680-F4DC772EDC4A}"
EndProject
Project("{FAE04EC0-301F-11D3-BF4B-00C04F79EFBC}") = "obrabotkaLogs", "obrabotkaLogs\obrabotkaLogs.csproj", "{7D51990B-A20F-426E-912F-8189B13DE624}"
EndProject
Global
	GlobalSection(SolutionConfigurationPlatforms) = preSolution
		Debug|Any CPU = Debug|Any CPU
		Release|Any CPU = Release|Any CPU
	EndGlobalSection
	GlobalSection(ProjectConfigurationPlatforms) = postSolution
		{9711E943-80CF-4BBB-9570-60B6D40B30AC}.Debug|Any CPU.ActiveCfg = Debug|Any CPU
		{9711E943-80CF-4BBB-9570-60B6D40B30AC}.Debug|Any CPU.Build.0 = Debug|Any CPU
		{9711E943-80CF-4BBB-9570-60B6D40B30AC}.Release|Any CPU.ActiveCfg = Release|Any CPU
		{9711E943-80CF-4BBB-9570-60B6D40B30AC}.Release|Any CPU.Build.0 = Release|Any CPU
		{358221CE-A11F-41B0-B52B-AA6C37367361}.Debug|Any CPU.ActiveCfg = Debug|Any CPU
		{358221CE-A11F-41B0-B52B-AA6C37367361}.Debug|Any CPU.Build.0 = Debug|Any CPU
		{358221CE-A11F-41B0-B52B-AA6C37367361}.Release|Any CPU.ActiveCfg = Release|Any CPU
		{358221CE-A11F-41B0-B52B-AA6C37367361}.Release|Any CPU.Build.0 = Release|Any CPU
		{D07C8E19-D6EA-41E1-A6EB-EF4351BE77D2}.Debug|Any CPU.ActiveCfg = Debug|Any CPU
		{D07C8E19-D6EA-41E1-A6EB-EF4351BE77D2}.Debug|Any CPU.Build.0 = Debug|Any CPU
		{D07C8E19-D6EA-41E1-A6EB-EF4351BE77D2}.Release|Any CPU.ActiveCfg = Release|Any CPU
		{D07C8E19-D6EA-41E1-A6EB-EF4351BE77D2}.Release|Any CPU.Build.0 = Release|Any CPU
		{5B65FFDC-A804-42C5-A324-1D4C3E97B09D}.Debug|Any CPU.ActiveCfg = Debug|Any CPU
		{5B65FFDC-A804-42C5-A324-1D4C3E97B09D}.Debug|Any CPU.Build.0 = Debug|Any CPU
		{5B65FFDC-A804-42C5-A324-1D4C3E97B09D}.Release|Any CPU.ActiveCfg = Release|Any CPU
		{5B65FFDC-A804-42C5-A324-1D4C3E97B09D}.Release|Any CPU.Build.0 = Release|Any CPU
		{53C38E0C-D9D7-46D2-9FF8-39B726BEC494}.Debug|Any CPU.ActiveCfg = Debug|Any CPU
		{53C38E0C-D9D7-46D2-9FF8-39B726BEC494}.Debug|Any CPU.Build.0 = Debug|Any CPU
		{53C38E0C-D9D7-46D2-9FF8-39B726BEC494}.Release|Any CPU.ActiveCfg = Release|Any CPU
		{53C38E0C-D9D7-46D2-9FF8-39B726BEC494}.Release|Any CPU.Build.0 = Release|Any CPU
		{E0C2DF01-0037-49CD-A92F-04379836656B}.Debug|Any CPU.ActiveCfg = Debug|Any CPU
		{E0C2DF01-0037-49CD-A92F-04379836656B}.Debug|Any CPU.Build.0 = Debug|Any CPU
		{E0C2DF01-0037-49CD-A92F-04379836656B}.Release|Any CPU.ActiveCfg = Release|Any CPU
		{E0C2DF01-0037-49CD-A92F-04379836656B}.Release|Any CPU.Build.0 = Release|Any CPU
		{858669C2-E1DC-4E5B-BAF1-74FB9895B7AC}.Debug|Any CPU.ActiveCfg = Debug|Any CPU
		{858669C2-E1DC-4E5B-BAF1-74FB9895B7AC}.Debug|Any CPU.Build.0 = Debug|Any CPU
		{858669C2-E1DC-4E5B-BAF1-74FB9895B7AC}.Release|Any CPU.ActiveCfg = Release|Any CPU
		{858669C2-E1DC-4E5B-BAF1-74FB9895B7AC}.Release|Any CPU.Build.0 = Release|Any CPU
		{DA5DA09E-749A-4016-934B-B7B282D58803}.Debug|Any CPU.ActiveCfg = Debug|Any CPU
		{DA5DA09E-749A-4016-934B-B7B282D58803}.Debug|Any CPU.Build.0 = Debug|Any CPU
		{DA5DA09E-749A-4016-934B-B7B282D58803}.Release|Any CPU.ActiveCfg = Release|Any CPU
		{DA5DA09E-749A-4016-934B-B7B282D58803}.Release|Any CPU.Build.0 = Release|Any CPU
		{DFBC2E8A-FF86-4F7B-8C12-C1DB5A917A90}.Debug|Any CPU.ActiveCfg = Debug|Any CPU
		{DFBC2E8A-FF86-4F7B-8C12-C1DB5A917A90}.Debug|Any CPU.Build.0 = Debug|Any CPU
		{DFBC2E8A-FF86-4F7B-8C12-C1DB5A917A90}.Release|Any CPU.ActiveCfg = Release|Any CPU
		{DFBC2E8A-FF86-4F7B-8C12-C1DB5A917A90}.Release|Any CPU.Build.0 = Release|Any CPU
		{58DCC880-54CF-4909-8680-F4DC772EDC4A}.Debug|Any CPU.ActiveCfg = Debug|Any CPU
		{58DCC880-54CF-4909-8680-F4DC772EDC4A}.Debug|Any CPU.Build.0 = Debug|Any CPU
		{58DCC880-54CF-4909-8680-F4DC772EDC4A}.Release|Any CPU.ActiveCfg = Release|Any CPU
		{58DCC880-54CF-4909-8680-F4DC772EDC4A}.Release|Any CPU.Build.0 = Release|Any CPU
		{7D51990B-A20F-426E-912F-8189B13DE624}.Debug|Any CPU.ActiveCfg = Debug|Any CPU
		{7D51990B-A20F-426E-912F-8189B13DE624}.Debug|Any CPU.Build.0 = Debug|Any CPU
		{7D51990B-A20F-426E-912F-8189B13DE624}.Release|Any CPU.ActiveCfg = Release|Any CPU
		{7D51990B-A20F-426E-912F-8189B13DE624}.Release|Any CPU.Build.0 = Release|Any CPU
	EndGlobalSection
	GlobalSection(SolutionProperties) = preSolution
		HideSolutionNode = FALSE
	EndGlobalSection
	GlobalSection(ExtensibilityGlobals) = postSolution
		SolutionGuid = {C4B9A15B-71A4-4278-A86C-094322CF59FC}
	EndGlobalSection
EndGlobal
